
Microsoft Visual Studio Solution File, Format Version 12.00
# Visual Studio 2017
Project("{FAE04EC0-301F-11D3-BF4B-00C04F79EFBC}") = "Juego op para que Andrés pueda ver sus ecchis", "Juego op para que Andrés pueda ver sus ecchis.csproj", "{47C9407C-FD75-2795-5C47-A93F7523F899}"
EndProject
Global
	GlobalSection(SolutionConfigurationPlatforms) = preSolution
		Debug|Any CPU = Debug|Any CPU
		Release|Any CPU = Release|Any CPU
	EndGlobalSection
	GlobalSection(ProjectConfigurationPlatforms) = postSolution
		{47C9407C-FD75-2795-5C47-A93F7523F899}.Debug|Any CPU.ActiveCfg = Debug|Any CPU
		{47C9407C-FD75-2795-5C47-A93F7523F899}.Debug|Any CPU.Build.0 = Debug|Any CPU
		{47C9407C-FD75-2795-5C47-A93F7523F899}.Release|Any CPU.ActiveCfg = Release|Any CPU
		{47C9407C-FD75-2795-5C47-A93F7523F899}.Release|Any CPU.Build.0 = Release|Any CPU
	EndGlobalSection
	GlobalSection(SolutionProperties) = preSolution
		HideSolutionNode = FALSE
	EndGlobalSection
EndGlobal
